
Microsoft Visual Studio Solution File, Format Version 12.00
# Visual Studio Version 17
VisualStudioVersion = 17.3.32811.315
MinimumVisualStudioVersion = 10.0.40219.1
Project("{9A19103F-16F7-4668-BE54-9A1E7A4F7556}") = "ProcessamentoCobranca.API", "ProcessamentoCobranca.API\ProcessamentoCobranca.API.csproj", "{C025A9CB-27BE-43B2-B912-2335876D0290}"
EndProject
Project("{9A19103F-16F7-4668-BE54-9A1E7A4F7556}") = "ProcessamentoCobranca.Domain", "ProcessamentoCobranca.Domain\ProcessamentoCobranca.Domain.csproj", "{D70D9299-FF38-4423-8B91-BE01280CF7FF}"
EndProject
Project("{9A19103F-16F7-4668-BE54-9A1E7A4F7556}") = "ProcessamentoCobranca.Repository", "ProcessamentoCobranca.Repository\ProcessamentoCobranca.Repository.csproj", "{8FFDB58E-99B0-46E2-BD38-DD3D8DEA3C6F}"
EndProject
Project("{9A19103F-16F7-4668-BE54-9A1E7A4F7556}") = "ProcessamentoCobranca.Services", "ProcessamentoCobranca.Services\ProcessamentoCobranca.Services.csproj", "{CF627060-5D81-4A48-9476-E6186B3310F8}"
EndProject
Project("{FAE04EC0-301F-11D3-BF4B-00C04F79EFBC}") = "ProcessamentoCobranca.WorkerConsumer", "ProcessamentoCobranca.WorkerConsumer\ProcessamentoCobranca.WorkerConsumer.csproj", "{6E387C52-41EE-44AC-A205-DBA47EDD4B92}"
EndProject
Global
	GlobalSection(SolutionConfigurationPlatforms) = preSolution
		Debug|Any CPU = Debug|Any CPU
		Release|Any CPU = Release|Any CPU
	EndGlobalSection
	GlobalSection(ProjectConfigurationPlatforms) = postSolution
		{C025A9CB-27BE-43B2-B912-2335876D0290}.Debug|Any CPU.ActiveCfg = Debug|Any CPU
		{C025A9CB-27BE-43B2-B912-2335876D0290}.Debug|Any CPU.Build.0 = Debug|Any CPU
		{C025A9CB-27BE-43B2-B912-2335876D0290}.Release|Any CPU.ActiveCfg = Release|Any CPU
		{C025A9CB-27BE-43B2-B912-2335876D0290}.Release|Any CPU.Build.0 = Release|Any CPU
		{D70D9299-FF38-4423-8B91-BE01280CF7FF}.Debug|Any CPU.ActiveCfg = Debug|Any CPU
		{D70D9299-FF38-4423-8B91-BE01280CF7FF}.Debug|Any CPU.Build.0 = Debug|Any CPU
		{D70D9299-FF38-4423-8B91-BE01280CF7FF}.Release|Any CPU.ActiveCfg = Release|Any CPU
		{D70D9299-FF38-4423-8B91-BE01280CF7FF}.Release|Any CPU.Build.0 = Release|Any CPU
		{8FFDB58E-99B0-46E2-BD38-DD3D8DEA3C6F}.Debug|Any CPU.ActiveCfg = Debug|Any CPU
		{8FFDB58E-99B0-46E2-BD38-DD3D8DEA3C6F}.Debug|Any CPU.Build.0 = Debug|Any CPU
		{8FFDB58E-99B0-46E2-BD38-DD3D8DEA3C6F}.Release|Any CPU.ActiveCfg = Release|Any CPU
		{8FFDB58E-99B0-46E2-BD38-DD3D8DEA3C6F}.Release|Any CPU.Build.0 = Release|Any CPU
		{CF627060-5D81-4A48-9476-E6186B3310F8}.Debug|Any CPU.ActiveCfg = Debug|Any CPU
		{CF627060-5D81-4A48-9476-E6186B3310F8}.Debug|Any CPU.Build.0 = Debug|Any CPU
		{CF627060-5D81-4A48-9476-E6186B3310F8}.Release|Any CPU.ActiveCfg = Release|Any CPU
		{CF627060-5D81-4A48-9476-E6186B3310F8}.Release|Any CPU.Build.0 = Release|Any CPU
		{6E387C52-41EE-44AC-A205-DBA47EDD4B92}.Debug|Any CPU.ActiveCfg = Debug|Any CPU
		{6E387C52-41EE-44AC-A205-DBA47EDD4B92}.Debug|Any CPU.Build.0 = Debug|Any CPU
		{6E387C52-41EE-44AC-A205-DBA47EDD4B92}.Release|Any CPU.ActiveCfg = Release|Any CPU
		{6E387C52-41EE-44AC-A205-DBA47EDD4B92}.Release|Any CPU.Build.0 = Release|Any CPU
	EndGlobalSection
	GlobalSection(SolutionProperties) = preSolution
		HideSolutionNode = FALSE
	EndGlobalSection
	GlobalSection(ExtensibilityGlobals) = postSolution
		SolutionGuid = {5C579C4F-37AD-4EF8-947D-6A28E1ED9E5E}
	EndGlobalSection
EndGlobal
